Microsoft Visual Studio Solution File, Format Version 12.00
# Visual Studio 15
VisualStudioVersion = 15.0.27004.2005
MinimumVisualStudioVersion = 10.0.40219.1
Project("{FAE04EC0-301F-11D3-BF4B-00C04F79EFBC}") = "Aurea.Maintenance.Debugger.Spark", "Aurea.Maintenance.Debugger.Spark\Aurea.Maintenance.Debugger.Spark.csproj", "{E8D7495E-785A-4BC5-96C9-FACCDCE1A05A}"
EndProject
Project("{FAE04EC0-301F-11D3-BF4B-00C04F79EFBC}") = "Aurea.Maintenance.Debugger.Texpo", "Aurea.Maintenance.Debugger.Texpo\Aurea.Maintenance.Debugger.Texpo.csproj", "{C9B5C59E-99B6-426B-A0D7-1A00080FC858}"
EndProject
Project("{FAE04EC0-301F-11D3-BF4B-00C04F79EFBC}") = "Aurea.Maintenance.Debugger.Common", "Aurea.Maintenance.Debugger.Common\Aurea.Maintenance.Debugger.Common.csproj", "{5243BE0E-A73B-4A56-B992-143871C94BD2}"
EndProject
Project("{FAE04EC0-301F-11D3-BF4B-00C04F79EFBC}") = "Aurea.Maintenance.Debugger.Startex", "Aurea.Maintenance.Debugger.Startex\Aurea.Maintenance.Debugger.Startex.csproj", "{A0DDF497-A69F-49C3-99B8-73833266DB9C}"
EndProject
Project("{FAE04EC0-301F-11D3-BF4B-00C04F79EFBC}") = "Aurea.Maintenance.Debugger.Stream", "Aurea.Maintenance.Debugger.Stream\Aurea.Maintenance.Debugger.Stream.csproj", "{E4010317-F11E-4917-AC5A-1D02C3367D91}"
EndProject
Project("{FAE04EC0-301F-11D3-BF4B-00C04F79EFBC}") = "Aurea.Maintenance.Debugger.AEPEnergy", "Aurea.Maintenance.Debugger.AEPEnergy\Aurea.Maintenance.Debugger.AEPEnergy.csproj", "{323989FE-5B85-4F9E-82D3-2C03328C9565}"
EndProject
Project("{FAE04EC0-301F-11D3-BF4B-00C04F79EFBC}") = "Aurea.Maintenance.Jira", "Aurea.Maintenance.Jira\Aurea.Maintenance.Jira.csproj", "{BC8680F7-0072-4E67-B570-D7590A4347F2}"
EndProject
Project("{FAE04EC0-301F-11D3-BF4B-00C04F79EFBC}") = "Aurea.Maintenance.Debugger.Accent", "Aurea.Maintenance.Debugger.Accent\Aurea.Maintenance.Debugger.Accent.csproj", "{7E5710C2-8E21-4EBE-95AC-D386D9442661}"
EndProject
Global
	GlobalSection(SolutionConfigurationPlatforms) = preSolution
		Debug|Any CPU = Debug|Any CPU
		Release|Any CPU = Release|Any CPU
	EndGlobalSection
	GlobalSection(ProjectConfigurationPlatforms) = postSolution
		{E8D7495E-785A-4BC5-96C9-FACCDCE1A05A}.Debug|Any CPU.ActiveCfg = Debug|Any CPU
		{E8D7495E-785A-4BC5-96C9-FACCDCE1A05A}.Debug|Any CPU.Build.0 = Debug|Any CPU
		{E8D7495E-785A-4BC5-96C9-FACCDCE1A05A}.Release|Any CPU.ActiveCfg = Release|Any CPU
		{E8D7495E-785A-4BC5-96C9-FACCDCE1A05A}.Release|Any CPU.Build.0 = Release|Any CPU
		{C9B5C59E-99B6-426B-A0D7-1A00080FC858}.Debug|Any CPU.ActiveCfg = Debug|Any CPU
		{C9B5C59E-99B6-426B-A0D7-1A00080FC858}.Debug|Any CPU.Build.0 = Debug|Any CPU
		{C9B5C59E-99B6-426B-A0D7-1A00080FC858}.Release|Any CPU.ActiveCfg = Release|Any CPU
		{C9B5C59E-99B6-426B-A0D7-1A00080FC858}.Release|Any CPU.Build.0 = Release|Any CPU
		{5243BE0E-A73B-4A56-B992-143871C94BD2}.Debug|Any CPU.ActiveCfg = Debug|Any CPU
		{5243BE0E-A73B-4A56-B992-143871C94BD2}.Debug|Any CPU.Build.0 = Debug|Any CPU
		{5243BE0E-A73B-4A56-B992-143871C94BD2}.Release|Any CPU.ActiveCfg = Release|Any CPU
		{5243BE0E-A73B-4A56-B992-143871C94BD2}.Release|Any CPU.Build.0 = Release|Any CPU
		{A0DDF497-A69F-49C3-99B8-73833266DB9C}.Debug|Any CPU.ActiveCfg = Debug|Any CPU
		{A0DDF497-A69F-49C3-99B8-73833266DB9C}.Debug|Any CPU.Build.0 = Debug|Any CPU
		{A0DDF497-A69F-49C3-99B8-73833266DB9C}.Release|Any CPU.ActiveCfg = Release|Any CPU
		{A0DDF497-A69F-49C3-99B8-73833266DB9C}.Release|Any CPU.Build.0 = Release|Any CPU
		{E4010317-F11E-4917-AC5A-1D02C3367D91}.Debug|Any CPU.ActiveCfg = Debug|Any CPU
		{E4010317-F11E-4917-AC5A-1D02C3367D91}.Debug|Any CPU.Build.0 = Debug|Any CPU
		{E4010317-F11E-4917-AC5A-1D02C3367D91}.Release|Any CPU.ActiveCfg = Release|Any CPU
		{E4010317-F11E-4917-AC5A-1D02C3367D91}.Release|Any CPU.Build.0 = Release|Any CPU
		{323989FE-5B85-4F9E-82D3-2C03328C9565}.Debug|Any CPU.ActiveCfg = Debug|Any CPU
		{323989FE-5B85-4F9E-82D3-2C03328C9565}.Debug|Any CPU.Build.0 = Debug|Any CPU
		{323989FE-5B85-4F9E-82D3-2C03328C9565}.Release|Any CPU.ActiveCfg = Release|Any CPU
		{323989FE-5B85-4F9E-82D3-2C03328C9565}.Release|Any CPU.Build.0 = Release|Any CPU
		{BC8680F7-0072-4E67-B570-D7590A4347F2}.Debug|Any CPU.ActiveCfg = Debug|Any CPU
		{BC8680F7-0072-4E67-B570-D7590A4347F2}.Debug|Any CPU.Build.0 = Debug|Any CPU
		{BC8680F7-0072-4E67-B570-D7590A4347F2}.Release|Any CPU.ActiveCfg = Release|Any CPU
		{BC8680F7-0072-4E67-B570-D7590A4347F2}.Release|Any CPU.Build.0 = Release|Any CPU
		{7E5710C2-8E21-4EBE-95AC-D386D9442661}.Debug|Any CPU.ActiveCfg = Debug|Any CPU
		{7E5710C2-8E21-4EBE-95AC-D386D9442661}.Debug|Any CPU.Build.0 = Debug|Any CPU
		{7E5710C2-8E21-4EBE-95AC-D386D9442661}.Release|Any CPU.ActiveCfg = Release|Any CPU
		{7E5710C2-8E21-4EBE-95AC-D386D9442661}.Release|Any CPU.Build.0 = Release|Any CPU
	EndGlobalSection
	GlobalSection(SolutionProperties) = preSolution
		HideSolutionNode = FALSE
	EndGlobalSection
	GlobalSection(ExtensibilityGlobals) = postSolution
		SolutionGuid = {744A3276-BC8F-4064-8773-250859F1961B}
	EndGlobalSection
EndGlobal
